
Microsoft Visual Studio Solution File, Format Version 12.00
# Visual Studio Version 16
VisualStudioVersion = 16.0.28803.202
MinimumVisualStudioVersion = 10.0.40219.1
Project("{9A19103F-16F7-4668-BE54-9A1E7A4F7556}") = "FunctionApp", "AsqFunctionApp\FunctionApp.csproj", "{151688C0-FADA-45E0-A2E5-6A5250C7FC26}"
EndProject
Project("{9A19103F-16F7-4668-BE54-9A1E7A4F7556}") = "NServiceBus.Core", "NServiceBus.Core\NServiceBus.Core.csproj", "{06B1AE93-E98E-4436-BBD6-D596EAE5DED9}"
EndProject
Project("{9A19103F-16F7-4668-BE54-9A1E7A4F7556}") = "NServiceBus.Transport.AzureServiceBus", "AsbTransport\NServiceBus.Transport.AzureServiceBus.csproj", "{0DD991D5-5FE8-4FC5-A5B1-5BF9A2CB010E}"
EndProject
Project("{9A19103F-16F7-4668-BE54-9A1E7A4F7556}") = "NServiceBus.AzureStorageQueues", "AsqTransport\NServiceBus.AzureStorageQueues.csproj", "{8E682997-0CE2-4D81-840F-C7B37AC9E6A1}"
EndProject
Global
	GlobalSection(SolutionConfigurationPlatforms) = preSolution
		Debug|Any CPU = Debug|Any CPU
		Release|Any CPU = Release|Any CPU
	EndGlobalSection
	GlobalSection(ProjectConfigurationPlatforms) = postSolution
		{151688C0-FADA-45E0-A2E5-6A5250C7FC26}.Debug|Any CPU.ActiveCfg = Debug|Any CPU
		{151688C0-FADA-45E0-A2E5-6A5250C7FC26}.Debug|Any CPU.Build.0 = Debug|Any CPU
		{151688C0-FADA-45E0-A2E5-6A5250C7FC26}.Release|Any CPU.ActiveCfg = Release|Any CPU
		{151688C0-FADA-45E0-A2E5-6A5250C7FC26}.Release|Any CPU.Build.0 = Release|Any CPU
		{06B1AE93-E98E-4436-BBD6-D596EAE5DED9}.Debug|Any CPU.ActiveCfg = Debug|Any CPU
		{06B1AE93-E98E-4436-BBD6-D596EAE5DED9}.Debug|Any CPU.Build.0 = Debug|Any CPU
		{06B1AE93-E98E-4436-BBD6-D596EAE5DED9}.Release|Any CPU.ActiveCfg = Release|Any CPU
		{06B1AE93-E98E-4436-BBD6-D596EAE5DED9}.Release|Any CPU.Build.0 = Release|Any CPU
		{0DD991D5-5FE8-4FC5-A5B1-5BF9A2CB010E}.Debug|Any CPU.ActiveCfg = Debug|Any CPU
		{0DD991D5-5FE8-4FC5-A5B1-5BF9A2CB010E}.Debug|Any CPU.Build.0 = Debug|Any CPU
		{0DD991D5-5FE8-4FC5-A5B1-5BF9A2CB010E}.Release|Any CPU.ActiveCfg = Release|Any CPU
		{0DD991D5-5FE8-4FC5-A5B1-5BF9A2CB010E}.Release|Any CPU.Build.0 = Release|Any CPU
		{8E682997-0CE2-4D81-840F-C7B37AC9E6A1}.Debug|Any CPU.ActiveCfg = Debug|Any CPU
		{8E682997-0CE2-4D81-840F-C7B37AC9E6A1}.Debug|Any CPU.Build.0 = Debug|Any CPU
		{8E682997-0CE2-4D81-840F-C7B37AC9E6A1}.Release|Any CPU.ActiveCfg = Release|Any CPU
		{8E682997-0CE2-4D81-840F-C7B37AC9E6A1}.Release|Any CPU.Build.0 = Release|Any CPU
	EndGlobalSection
	GlobalSection(SolutionProperties) = preSolution
		HideSolutionNode = FALSE
	EndGlobalSection
	GlobalSection(ExtensibilityGlobals) = postSolution
		SolutionGuid = {D24A8384-FD1A-417D-AE22-B2C13E96E5DE}
	EndGlobalSection
EndGlobal
