
Microsoft Visual Studio Solution File, Format Version 12.00
# Visual Studio Version 16
VisualStudioVersion = 16.0.28803.202
MinimumVisualStudioVersion = 10.0.40219.1
Project("{9A19103F-16F7-4668-BE54-9A1E7A4F7556}") = "Demo.GenericFunction", "AsqFunctionApp\Demo.GenericFunction.csproj", "{151688C0-FADA-45E0-A2E5-6A5250C7FC26}"
EndProject
Project("{9A19103F-16F7-4668-BE54-9A1E7A4F7556}") = "NServiceBus.Core", "NServiceBus.Core\NServiceBus.Core.csproj", "{06B1AE93-E98E-4436-BBD6-D596EAE5DED9}"
EndProject
Project("{9A19103F-16F7-4668-BE54-9A1E7A4F7556}") = "NServiceBus.Transport.AzureServiceBus", "AsbTransport\NServiceBus.Transport.AzureServiceBus.csproj", "{0DD991D5-5FE8-4FC5-A5B1-5BF9A2CB010E}"
EndProject
Project("{9A19103F-16F7-4668-BE54-9A1E7A4F7556}") = "NServiceBus.AzureStorageQueues", "AsqTransport\NServiceBus.AzureStorageQueues.csproj", "{8E682997-0CE2-4D81-840F-C7B37AC9E6A1}"
EndProject
Project("{9A19103F-16F7-4668-BE54-9A1E7A4F7556}") = "NServiceBus.AzureFuntions", "NServiceBus.AzureFuntions\NServiceBus.AzureFuntions.csproj", "{405B192D-61E9-4FB7-9C2D-04F0491AE1EC}"
EndProject
Project("{9A19103F-16F7-4668-BE54-9A1E7A4F7556}") = "Demo.HttpApi", "Demo.HttpApi\Demo.HttpApi.csproj", "{6237A993-349F-41A0-923F-AAE597BEE1CC}"
EndProject
Project("{9A19103F-16F7-4668-BE54-9A1E7A4F7556}") = "Demo.ASB", "Demo.ASB\Demo.ASB.csproj", "{B0BA302C-180D-45CE-B0C9-3548C5CC89C3}"
EndProject
Project("{9A19103F-16F7-4668-BE54-9A1E7A4F7556}") = "Demo.ASQ", "Demo.ASQ\Demo.ASQ.csproj", "{78A3C5D6-3A1B-4086-B0EF-40AA0AD5F2D9}"
EndProject
Project("{9A19103F-16F7-4668-BE54-9A1E7A4F7556}") = "Demo.ASB.AtomicSendsWithReceive", "Demo.ASB.AtomicSendsWithReceive\Demo.ASB.AtomicSendsWithReceive.csproj", "{FE9649FD-946D-4C22-A270-88F919960279}"
EndProject
Project("{9A19103F-16F7-4668-BE54-9A1E7A4F7556}") = "Demo.ASQ.Sagas.Sales", "Demo.ASQ.Sagas.Sales\Demo.ASQ.Sagas.Sales.csproj", "{A32D2DFD-3EFE-428F-8FA1-3318C4C7C4D0}"
EndProject
Project("{9A19103F-16F7-4668-BE54-9A1E7A4F7556}") = "Demo.ASQ.Sagas.Booking", "Demo.ASQ.Sagas.Booking\Demo.ASQ.Sagas.Booking.csproj", "{EA459EBD-8239-41C4-950E-462B17430963}"
EndProject
Project("{9A19103F-16F7-4668-BE54-9A1E7A4F7556}") = "Demo.ASQ.Sagas.Billing", "Demo.ASQ.Sagas.Billing\Demo.ASQ.Sagas.Billing.csproj", "{C4B9008A-57E9-46BB-A0BD-338AA6D55562}"
EndProject
Project("{9A19103F-16F7-4668-BE54-9A1E7A4F7556}") = "Demo.ASQ.Sagas.Shipping", "Demo.ASQ.Sagas.Shipping\Demo.ASQ.Sagas.Shipping.csproj", "{9789DDAD-A8DA-40FC-A45E-8F551C0CA42E}"
EndProject
Project("{9A19103F-16F7-4668-BE54-9A1E7A4F7556}") = "Demo.ASQ.Sagas.Messages", "Demo.ASQ.Sagas.Messages\Demo.ASQ.Sagas.Messages.csproj", "{FA7040E8-6DE6-48D4-B9E2-8C1C02DED9EB}"
EndProject
Project("{2150E333-8FDC-42A3-9474-1A3956D46DE8}") = "Demo.ASQ", "Demo.ASQ", "{BDBAAA0D-4AE2-46D3-AC8D-69F24E5E49D3}"
EndProject
Global
	GlobalSection(SolutionConfigurationPlatforms) = preSolution
		Debug|Any CPU = Debug|Any CPU
		Release|Any CPU = Release|Any CPU
	EndGlobalSection
	GlobalSection(ProjectConfigurationPlatforms) = postSolution
		{151688C0-FADA-45E0-A2E5-6A5250C7FC26}.Debug|Any CPU.ActiveCfg = Debug|Any CPU
		{151688C0-FADA-45E0-A2E5-6A5250C7FC26}.Debug|Any CPU.Build.0 = Debug|Any CPU
		{151688C0-FADA-45E0-A2E5-6A5250C7FC26}.Release|Any CPU.ActiveCfg = Release|Any CPU
		{151688C0-FADA-45E0-A2E5-6A5250C7FC26}.Release|Any CPU.Build.0 = Release|Any CPU
		{06B1AE93-E98E-4436-BBD6-D596EAE5DED9}.Debug|Any CPU.ActiveCfg = Debug|Any CPU
		{06B1AE93-E98E-4436-BBD6-D596EAE5DED9}.Debug|Any CPU.Build.0 = Debug|Any CPU
		{06B1AE93-E98E-4436-BBD6-D596EAE5DED9}.Release|Any CPU.ActiveCfg = Release|Any CPU
		{06B1AE93-E98E-4436-BBD6-D596EAE5DED9}.Release|Any CPU.Build.0 = Release|Any CPU
		{0DD991D5-5FE8-4FC5-A5B1-5BF9A2CB010E}.Debug|Any CPU.ActiveCfg = Debug|Any CPU
		{0DD991D5-5FE8-4FC5-A5B1-5BF9A2CB010E}.Debug|Any CPU.Build.0 = Debug|Any CPU
		{0DD991D5-5FE8-4FC5-A5B1-5BF9A2CB010E}.Release|Any CPU.ActiveCfg = Release|Any CPU
		{0DD991D5-5FE8-4FC5-A5B1-5BF9A2CB010E}.Release|Any CPU.Build.0 = Release|Any CPU
		{8E682997-0CE2-4D81-840F-C7B37AC9E6A1}.Debug|Any CPU.ActiveCfg = Debug|Any CPU
		{8E682997-0CE2-4D81-840F-C7B37AC9E6A1}.Debug|Any CPU.Build.0 = Debug|Any CPU
		{8E682997-0CE2-4D81-840F-C7B37AC9E6A1}.Release|Any CPU.ActiveCfg = Release|Any CPU
		{8E682997-0CE2-4D81-840F-C7B37AC9E6A1}.Release|Any CPU.Build.0 = Release|Any CPU
		{405B192D-61E9-4FB7-9C2D-04F0491AE1EC}.Debug|Any CPU.ActiveCfg = Debug|Any CPU
		{405B192D-61E9-4FB7-9C2D-04F0491AE1EC}.Debug|Any CPU.Build.0 = Debug|Any CPU
		{405B192D-61E9-4FB7-9C2D-04F0491AE1EC}.Release|Any CPU.ActiveCfg = Release|Any CPU
		{405B192D-61E9-4FB7-9C2D-04F0491AE1EC}.Release|Any CPU.Build.0 = Release|Any CPU
		{6237A993-349F-41A0-923F-AAE597BEE1CC}.Debug|Any CPU.ActiveCfg = Debug|Any CPU
		{6237A993-349F-41A0-923F-AAE597BEE1CC}.Debug|Any CPU.Build.0 = Debug|Any CPU
		{6237A993-349F-41A0-923F-AAE597BEE1CC}.Release|Any CPU.ActiveCfg = Release|Any CPU
		{6237A993-349F-41A0-923F-AAE597BEE1CC}.Release|Any CPU.Build.0 = Release|Any CPU
		{B0BA302C-180D-45CE-B0C9-3548C5CC89C3}.Debug|Any CPU.ActiveCfg = Debug|Any CPU
		{B0BA302C-180D-45CE-B0C9-3548C5CC89C3}.Debug|Any CPU.Build.0 = Debug|Any CPU
		{B0BA302C-180D-45CE-B0C9-3548C5CC89C3}.Release|Any CPU.ActiveCfg = Release|Any CPU
		{B0BA302C-180D-45CE-B0C9-3548C5CC89C3}.Release|Any CPU.Build.0 = Release|Any CPU
		{78A3C5D6-3A1B-4086-B0EF-40AA0AD5F2D9}.Debug|Any CPU.ActiveCfg = Debug|Any CPU
		{78A3C5D6-3A1B-4086-B0EF-40AA0AD5F2D9}.Debug|Any CPU.Build.0 = Debug|Any CPU
		{78A3C5D6-3A1B-4086-B0EF-40AA0AD5F2D9}.Release|Any CPU.ActiveCfg = Release|Any CPU
		{78A3C5D6-3A1B-4086-B0EF-40AA0AD5F2D9}.Release|Any CPU.Build.0 = Release|Any CPU
		{FE9649FD-946D-4C22-A270-88F919960279}.Debug|Any CPU.ActiveCfg = Debug|Any CPU
		{FE9649FD-946D-4C22-A270-88F919960279}.Debug|Any CPU.Build.0 = Debug|Any CPU
		{FE9649FD-946D-4C22-A270-88F919960279}.Release|Any CPU.ActiveCfg = Release|Any CPU
		{FE9649FD-946D-4C22-A270-88F919960279}.Release|Any CPU.Build.0 = Release|Any CPU
		{A32D2DFD-3EFE-428F-8FA1-3318C4C7C4D0}.Debug|Any CPU.ActiveCfg = Debug|Any CPU
		{A32D2DFD-3EFE-428F-8FA1-3318C4C7C4D0}.Debug|Any CPU.Build.0 = Debug|Any CPU
		{A32D2DFD-3EFE-428F-8FA1-3318C4C7C4D0}.Release|Any CPU.ActiveCfg = Release|Any CPU
		{A32D2DFD-3EFE-428F-8FA1-3318C4C7C4D0}.Release|Any CPU.Build.0 = Release|Any CPU
		{EA459EBD-8239-41C4-950E-462B17430963}.Debug|Any CPU.ActiveCfg = Debug|Any CPU
		{EA459EBD-8239-41C4-950E-462B17430963}.Debug|Any CPU.Build.0 = Debug|Any CPU
		{EA459EBD-8239-41C4-950E-462B17430963}.Release|Any CPU.ActiveCfg = Release|Any CPU
		{EA459EBD-8239-41C4-950E-462B17430963}.Release|Any CPU.Build.0 = Release|Any CPU
		{C4B9008A-57E9-46BB-A0BD-338AA6D55562}.Debug|Any CPU.ActiveCfg = Debug|Any CPU
		{C4B9008A-57E9-46BB-A0BD-338AA6D55562}.Debug|Any CPU.Build.0 = Debug|Any CPU
		{C4B9008A-57E9-46BB-A0BD-338AA6D55562}.Release|Any CPU.ActiveCfg = Release|Any CPU
		{C4B9008A-57E9-46BB-A0BD-338AA6D55562}.Release|Any CPU.Build.0 = Release|Any CPU
		{9789DDAD-A8DA-40FC-A45E-8F551C0CA42E}.Debug|Any CPU.ActiveCfg = Debug|Any CPU
		{9789DDAD-A8DA-40FC-A45E-8F551C0CA42E}.Debug|Any CPU.Build.0 = Debug|Any CPU
		{9789DDAD-A8DA-40FC-A45E-8F551C0CA42E}.Release|Any CPU.ActiveCfg = Release|Any CPU
		{9789DDAD-A8DA-40FC-A45E-8F551C0CA42E}.Release|Any CPU.Build.0 = Release|Any CPU
		{FA7040E8-6DE6-48D4-B9E2-8C1C02DED9EB}.Debug|Any CPU.ActiveCfg = Debug|Any CPU
		{FA7040E8-6DE6-48D4-B9E2-8C1C02DED9EB}.Debug|Any CPU.Build.0 = Debug|Any CPU
		{FA7040E8-6DE6-48D4-B9E2-8C1C02DED9EB}.Release|Any CPU.ActiveCfg = Release|Any CPU
		{FA7040E8-6DE6-48D4-B9E2-8C1C02DED9EB}.Release|Any CPU.Build.0 = Release|Any CPU
	EndGlobalSection
	GlobalSection(SolutionProperties) = preSolution
		HideSolutionNode = FALSE
	EndGlobalSection
	GlobalSection(NestedProjects) = preSolution
		{78A3C5D6-3A1B-4086-B0EF-40AA0AD5F2D9} = {BDBAAA0D-4AE2-46D3-AC8D-69F24E5E49D3}
		{A32D2DFD-3EFE-428F-8FA1-3318C4C7C4D0} = {BDBAAA0D-4AE2-46D3-AC8D-69F24E5E49D3}
		{EA459EBD-8239-41C4-950E-462B17430963} = {BDBAAA0D-4AE2-46D3-AC8D-69F24E5E49D3}
		{C4B9008A-57E9-46BB-A0BD-338AA6D55562} = {BDBAAA0D-4AE2-46D3-AC8D-69F24E5E49D3}
		{9789DDAD-A8DA-40FC-A45E-8F551C0CA42E} = {BDBAAA0D-4AE2-46D3-AC8D-69F24E5E49D3}
		{FA7040E8-6DE6-48D4-B9E2-8C1C02DED9EB} = {BDBAAA0D-4AE2-46D3-AC8D-69F24E5E49D3}
	EndGlobalSection
	GlobalSection(ExtensibilityGlobals) = postSolution
		SolutionGuid = {D24A8384-FD1A-417D-AE22-B2C13E96E5DE}
	EndGlobalSection
EndGlobal
